
Microsoft Visual Studio Solution File, Format Version 12.00
# Visual Studio Version 17
VisualStudioVersion = 17.8.34322.80
MinimumVisualStudioVersion = 10.0.40219.1
Project("{2150E333-8FDC-42A3-9474-1A3956D46DE8}") = "frontend", "frontend", "{496FEE62-6372-4079-8E09-5F4FD63C7BBD}"
EndProject
Project("{2150E333-8FDC-42A3-9474-1A3956D46DE8}") = "gateway", "gateway", "{FED3926A-D9BF-44AB-B327-A72CB63AE4DE}"
EndProject
Project("{2150E333-8FDC-42A3-9474-1A3956D46DE8}") = "integration", "integration", "{0B192050-1E18-4316-A672-66504BAA07D7}"
EndProject
Project("{2150E333-8FDC-42A3-9474-1A3956D46DE8}") = "services", "services", "{6ACAA611-F59F-4021-BD64-82AE88100D24}"
EndProject
Project("{9A19103F-16F7-4668-BE54-9A1E7A4F7556}") = "MT.Services.CouponAPI", "MT.Services.CouponAPI\MT.Services.CouponAPI.csproj", "{52799201-E2FE-4A41-99D9-4FD5D9DBA7C2}"
EndProject
Project("{9A19103F-16F7-4668-BE54-9A1E7A4F7556}") = "MT.Web", "MT.Web\MT.Web.csproj", "{E9797C20-ED3F-4561-85D9-8526ACD5A214}"
EndProject
Project("{9A19103F-16F7-4668-BE54-9A1E7A4F7556}") = "MT.Services.AuthAPI", "MT.Services.AuthAPI\MT.Services.AuthAPI.csproj", "{4F6CB6AA-6896-40E9-9C8F-1F9B2FE2CCF9}"
EndProject
Project("{9A19103F-16F7-4668-BE54-9A1E7A4F7556}") = "MT.Services.ProductAPI", "MT.Services.ProductAPI\MT.Services.ProductAPI.csproj", "{0FA9DE66-940F-4020-B76F-D4EEE2ABA023}"
EndProject
Project("{9A19103F-16F7-4668-BE54-9A1E7A4F7556}") = "MT.Services.ShoppingCartAPI", "MT.Services.ShoppingCartAPI\MT.Services.ShoppingCartAPI.csproj", "{15FD2E26-D594-487D-B214-ADAD852264A7}"
EndProject
Project("{9A19103F-16F7-4668-BE54-9A1E7A4F7556}") = "MT.MessageBus", "MT.MessageBus\MT.MessageBus.csproj", "{2E231609-A2B8-4172-AE08-1CC4108F274F}"
EndProject
Project("{9A19103F-16F7-4668-BE54-9A1E7A4F7556}") = "MT.Services.EmailAPI", "MT.Services.EmailAPI\MT.Services.EmailAPI.csproj", "{CC978E5C-FB78-4CF7-B4A5-1B2C86098A94}"
EndProject
Project("{9A19103F-16F7-4668-BE54-9A1E7A4F7556}") = "MT.Services.OrderAPI", "MT.Services.OrderAPI\MT.Services.OrderAPI.csproj", "{AB5D83B4-01E0-44BD-A928-6F63707623EC}"
EndProject
Project("{9A19103F-16F7-4668-BE54-9A1E7A4F7556}") = "MT.Services.RewardAPI", "MT.Services.RewardAPI\MT.Services.RewardAPI.csproj", "{E48A3177-F6F9-474B-983C-894730673399}"
EndProject
Project("{FAE04EC0-301F-11D3-BF4B-00C04F79EFBC}") = "MT.GatewayAPI", "MT.GatewayAPI\MT.GatewayAPI.csproj", "{C0A98FC1-601F-4006-B1A0-A66E5C0DE925}"
EndProject
Global
	GlobalSection(SolutionConfigurationPlatforms) = preSolution
		Debug|Any CPU = Debug|Any CPU
		Release|Any CPU = Release|Any CPU
	EndGlobalSection
	GlobalSection(ProjectConfigurationPlatforms) = postSolution
		{52799201-E2FE-4A41-99D9-4FD5D9DBA7C2}.Debug|Any CPU.ActiveCfg = Debug|Any CPU
		{52799201-E2FE-4A41-99D9-4FD5D9DBA7C2}.Debug|Any CPU.Build.0 = Debug|Any CPU
		{52799201-E2FE-4A41-99D9-4FD5D9DBA7C2}.Release|Any CPU.ActiveCfg = Release|Any CPU
		{52799201-E2FE-4A41-99D9-4FD5D9DBA7C2}.Release|Any CPU.Build.0 = Release|Any CPU
		{E9797C20-ED3F-4561-85D9-8526ACD5A214}.Debug|Any CPU.ActiveCfg = Debug|Any CPU
		{E9797C20-ED3F-4561-85D9-8526ACD5A214}.Debug|Any CPU.Build.0 = Debug|Any CPU
		{E9797C20-ED3F-4561-85D9-8526ACD5A214}.Release|Any CPU.ActiveCfg = Release|Any CPU
		{E9797C20-ED3F-4561-85D9-8526ACD5A214}.Release|Any CPU.Build.0 = Release|Any CPU
		{4F6CB6AA-6896-40E9-9C8F-1F9B2FE2CCF9}.Debug|Any CPU.ActiveCfg = Debug|Any CPU
		{4F6CB6AA-6896-40E9-9C8F-1F9B2FE2CCF9}.Debug|Any CPU.Build.0 = Debug|Any CPU
		{4F6CB6AA-6896-40E9-9C8F-1F9B2FE2CCF9}.Release|Any CPU.ActiveCfg = Release|Any CPU
		{4F6CB6AA-6896-40E9-9C8F-1F9B2FE2CCF9}.Release|Any CPU.Build.0 = Release|Any CPU
		{0FA9DE66-940F-4020-B76F-D4EEE2ABA023}.Debug|Any CPU.ActiveCfg = Debug|Any CPU
		{0FA9DE66-940F-4020-B76F-D4EEE2ABA023}.Debug|Any CPU.Build.0 = Debug|Any CPU
		{0FA9DE66-940F-4020-B76F-D4EEE2ABA023}.Release|Any CPU.ActiveCfg = Release|Any CPU
		{0FA9DE66-940F-4020-B76F-D4EEE2ABA023}.Release|Any CPU.Build.0 = Release|Any CPU
		{15FD2E26-D594-487D-B214-ADAD852264A7}.Debug|Any CPU.ActiveCfg = Debug|Any CPU
		{15FD2E26-D594-487D-B214-ADAD852264A7}.Debug|Any CPU.Build.0 = Debug|Any CPU
		{15FD2E26-D594-487D-B214-ADAD852264A7}.Release|Any CPU.ActiveCfg = Release|Any CPU
		{15FD2E26-D594-487D-B214-ADAD852264A7}.Release|Any CPU.Build.0 = Release|Any CPU
		{2E231609-A2B8-4172-AE08-1CC4108F274F}.Debug|Any CPU.ActiveCfg = Debug|Any CPU
		{2E231609-A2B8-4172-AE08-1CC4108F274F}.Debug|Any CPU.Build.0 = Debug|Any CPU
		{2E231609-A2B8-4172-AE08-1CC4108F274F}.Release|Any CPU.ActiveCfg = Release|Any CPU
		{2E231609-A2B8-4172-AE08-1CC4108F274F}.Release|Any CPU.Build.0 = Release|Any CPU
		{CC978E5C-FB78-4CF7-B4A5-1B2C86098A94}.Debug|Any CPU.ActiveCfg = Debug|Any CPU
		{CC978E5C-FB78-4CF7-B4A5-1B2C86098A94}.Debug|Any CPU.Build.0 = Debug|Any CPU
		{CC978E5C-FB78-4CF7-B4A5-1B2C86098A94}.Release|Any CPU.ActiveCfg = Release|Any CPU
		{CC978E5C-FB78-4CF7-B4A5-1B2C86098A94}.Release|Any CPU.Build.0 = Release|Any CPU
		{AB5D83B4-01E0-44BD-A928-6F63707623EC}.Debug|Any CPU.ActiveCfg = Debug|Any CPU
		{AB5D83B4-01E0-44BD-A928-6F63707623EC}.Debug|Any CPU.Build.0 = Debug|Any CPU
		{AB5D83B4-01E0-44BD-A928-6F63707623EC}.Release|Any CPU.ActiveCfg = Release|Any CPU
		{AB5D83B4-01E0-44BD-A928-6F63707623EC}.Release|Any CPU.Build.0 = Release|Any CPU
		{E48A3177-F6F9-474B-983C-894730673399}.Debug|Any CPU.ActiveCfg = Debug|Any CPU
		{E48A3177-F6F9-474B-983C-894730673399}.Debug|Any CPU.Build.0 = Debug|Any CPU
		{E48A3177-F6F9-474B-983C-894730673399}.Release|Any CPU.ActiveCfg = Release|Any CPU
		{E48A3177-F6F9-474B-983C-894730673399}.Release|Any CPU.Build.0 = Release|Any CPU
		{C0A98FC1-601F-4006-B1A0-A66E5C0DE925}.Debug|Any CPU.ActiveCfg = Debug|Any CPU
		{C0A98FC1-601F-4006-B1A0-A66E5C0DE925}.Debug|Any CPU.Build.0 = Debug|Any CPU
		{C0A98FC1-601F-4006-B1A0-A66E5C0DE925}.Release|Any CPU.ActiveCfg = Release|Any CPU
		{C0A98FC1-601F-4006-B1A0-A66E5C0DE925}.Release|Any CPU.Build.0 = Release|Any CPU
	EndGlobalSection
	GlobalSection(SolutionProperties) = preSolution
		HideSolutionNode = FALSE
	EndGlobalSection
	GlobalSection(NestedProjects) = preSolution
		{52799201-E2FE-4A41-99D9-4FD5D9DBA7C2} = {6ACAA611-F59F-4021-BD64-82AE88100D24}
		{E9797C20-ED3F-4561-85D9-8526ACD5A214} = {496FEE62-6372-4079-8E09-5F4FD63C7BBD}
		{4F6CB6AA-6896-40E9-9C8F-1F9B2FE2CCF9} = {6ACAA611-F59F-4021-BD64-82AE88100D24}
		{0FA9DE66-940F-4020-B76F-D4EEE2ABA023} = {6ACAA611-F59F-4021-BD64-82AE88100D24}
		{15FD2E26-D594-487D-B214-ADAD852264A7} = {6ACAA611-F59F-4021-BD64-82AE88100D24}
		{2E231609-A2B8-4172-AE08-1CC4108F274F} = {0B192050-1E18-4316-A672-66504BAA07D7}
		{CC978E5C-FB78-4CF7-B4A5-1B2C86098A94} = {6ACAA611-F59F-4021-BD64-82AE88100D24}
		{AB5D83B4-01E0-44BD-A928-6F63707623EC} = {6ACAA611-F59F-4021-BD64-82AE88100D24}
		{E48A3177-F6F9-474B-983C-894730673399} = {6ACAA611-F59F-4021-BD64-82AE88100D24}
		{C0A98FC1-601F-4006-B1A0-A66E5C0DE925} = {FED3926A-D9BF-44AB-B327-A72CB63AE4DE}
	EndGlobalSection
	GlobalSection(ExtensibilityGlobals) = postSolution
		SolutionGuid = {8B5C9238-24FE-4077-88D0-B8F41C048E6D}
	EndGlobalSection
EndGlobal
